
Microsoft Visual Studio Solution File, Format Version 12.00
# Visual Studio Version 16
VisualStudioVersion = 16.0.30804.86
MinimumVisualStudioVersion = 10.0.40219.1
Project("{9A19103F-16F7-4668-BE54-9A1E7A4F7556}") = "FedattoProject", "ReverseWord\FedattoProject.csproj", "{17878ED5-2C69-4CE6-8A77-21916893E094}"
EndProject
Global
	GlobalSection(SolutionConfigurationPlatforms) = preSolution
		Debug|Any CPU = Debug|Any CPU
		Release|Any CPU = Release|Any CPU
	EndGlobalSection
	GlobalSection(ProjectConfigurationPlatforms) = postSolution
		{17878ED5-2C69-4CE6-8A77-21916893E094}.Debug|Any CPU.ActiveCfg = Debug|Any CPU
		{17878ED5-2C69-4CE6-8A77-21916893E094}.Debug|Any CPU.Build.0 = Debug|Any CPU
		{17878ED5-2C69-4CE6-8A77-21916893E094}.Release|Any CPU.ActiveCfg = Release|Any CPU
		{17878ED5-2C69-4CE6-8A77-21916893E094}.Release|Any CPU.Build.0 = Release|Any CPU
	EndGlobalSection
	GlobalSection(SolutionProperties) = preSolution
		HideSolutionNode = FALSE
	EndGlobalSection
	GlobalSection(ExtensibilityGlobals) = postSolution
		SolutionGuid = {AC5FAA46-482E-4359-8DB7-D4605F8B9B8D}
	EndGlobalSection
EndGlobal
